
Microsoft Visual Studio Solution File, Format Version 12.00
# Visual Studio Version 17
VisualStudioVersion = 17.6.33815.320
MinimumVisualStudioVersion = 10.0.40219.1
Project("{FAE04EC0-301F-11D3-BF4B-00C04F79EFBC}") = "Estadistica", "Estadistica.csproj", "{15D2532C-DA17-4F6C-AEAD-8D18DECB326E}"
EndProject
Global
	GlobalSection(SolutionConfigurationPlatforms) = preSolution
		Debug|Any CPU = Debug|Any CPU
		Release|Any CPU = Release|Any CPU
	EndGlobalSection
	GlobalSection(ProjectConfigurationPlatforms) = postSolution
		{15D2532C-DA17-4F6C-AEAD-8D18DECB326E}.Debug|Any CPU.ActiveCfg = Debug|Any CPU
		{15D2532C-DA17-4F6C-AEAD-8D18DECB326E}.Debug|Any CPU.Build.0 = Debug|Any CPU
		{15D2532C-DA17-4F6C-AEAD-8D18DECB326E}.Release|Any CPU.ActiveCfg = Release|Any CPU
		{15D2532C-DA17-4F6C-AEAD-8D18DECB326E}.Release|Any CPU.Build.0 = Release|Any CPU
	EndGlobalSection
	GlobalSection(SolutionProperties) = preSolution
		HideSolutionNode = FALSE
	EndGlobalSection
	GlobalSection(ExtensibilityGlobals) = postSolution
		SolutionGuid = {78B9E40E-18C6-40DD-9419-7011BA19DC2E}
	EndGlobalSection
EndGlobal
